// !$*UTF8*$!
{
	archiveVersion = 1;
	classes = {
	};
	objectVersion = 48;
	objects = {

/* Begin PBXBuildFile section */
		A9D846301F74DF1D0048C2FF /* AppDelegate.swift in Sources */ = {isa = PBXBuildFile; fileRef = A9D8462F1F74DF1D0048C2FF /* AppDelegate.swift */; };
		A9D846321F74DF1D0048C2FF /* ViewController.swift in Sources */ = {isa = PBXBuildFile; fileRef = A9D846311F74DF1D0048C2FF /* ViewController.swift */; };
		A9D846351F74DF1D0048C2FF /* Main.storyboard in Resources */ = {isa = PBXBuildFile; fileRef = A9D846331F74DF1D0048C2FF /* Main.storyboard */; };
		A9D846371F74DF1D0048C2FF /* Assets.xcassets in Resources */ = {isa = PBXBuildFile; fileRef = A9D846361F74DF1D0048C2FF /* Assets.xcassets */; };
		A9D8463A1F74DF1D0048C2FF /* LaunchScreen.storyboard in Resources */ = {isa = PBXBuildFile; fileRef = A9D846381F74DF1D0048C2FF /* LaunchScreen.storyboard */; };
		A9D846421F74DF340048C2FF /* AJProgressView.swift in Sources */ = {isa = PBXBuildFile; fileRef = A9D846411F74DF340048C2FF /* AJProgressView.swift */; };
/* End PBXBuildFile section */

/* Begin PBXFileReference section */
		A9D8462C1F74DF1D0048C2FF /* AJProgressView.app */ = {isa = PBXFileReference; explicitFileType = wrapper.application; includeInIndex = 0; path = AJProgressView.app; sourceTree = BUILT_PRODUCTS_DIR; };
		A9D8462F1F74DF1D0048C2FF /* AppDelegate.swift */ = {isa = PBXFileReference; lastKnownFileType = sourcecode.swift; path = AppDelegate.swift; sourceTree = "<group>"; };
		A9D846311F74DF1D0048C2FF /* ViewController.swift */ = {isa = PBXFileReference; lastKnownFileType = sourcecode.swift; path = ViewController.swift; sourceTree = "<group>"; };
		A9D846341F74DF1D0048C2FF /* Base */ = {isa = PBXFileReference; lastKnownFileType = file.storyboard; name = Base; path = Base.lproj/Main.storyboard; sourceTree = "<group>"; };
		A9D846361F74DF1D0048C2FF /* Assets.xcassets */ = {isa = PBXFileReference; lastKnownFileType = folder.assetcatalog; path = Assets.xcassets; sourceTree = "<group>"; };
		A9D846391F74DF1D0048C2FF /* Base */ = {isa = PBXFileReference; lastKnownFileType = file.storyboard; name = Base; path = Base.lproj/LaunchScreen.storyboard; sourceTree = "<group>"; };
		A9D8463B1F74DF1D0048C2FF /* Info.plist */ = {isa = PBXFileReference; lastKnownFileType = text.plist.xml; path = Info.plist; sourceTree = "<group>"; };
		A9D846411F74DF340048C2FF /* AJProgressView.swift */ = {isa = PBXFileReference; lastKnownFileType = sourcecode.swift; path = AJProgressView.swift; sourceTree = "<group>"; };
/* End PBXFileReference section */

/* Begin PBXFrameworksBuildPhase section */
		A9D846291F74DF1D0048C2FF /* Frameworks */ = {
			isa = PBXFrameworksBuildPhase;
			buildActionMask = 2147483647;
			files = (
			);
			runOnlyForDeploymentPostprocessing = 0;
		};
/* End PBXFrameworksBuildPhase section */

/* Begin PBXGroup section */
		A9D846231F74DF1D0048C2FF = {
			isa = PBXGroup;
			children = (
				A9D8462E1F74DF1D0048C2FF /* AJProgressView */,
				A9D8462D1F74DF1D0048C2FF /* Products */,
			);
			sourceTree = "<group>";
		};
		A9D8462D1F74DF1D0048C2FF /* Products */ = {
			isa = PBXGroup;
			children = (
				A9D8462C1F74DF1D0048C2FF /* AJProgressView.app */,
			);
			name = Products;
			sourceTree = "<group>";
		};
		A9D8462E1F74DF1D0048C2FF /* AJProgressView */ = {
			isa = PBXGroup;
			children = (
				A9D8462F1F74DF1D0048C2FF /* AppDelegate.swift */,
				A9D846311F74DF1D0048C2FF /* ViewController.swift */,
				A9D846411F74DF340048C2FF /* AJProgressView.swift */,
				A9D846331F74DF1D0048C2FF /* Main.storyboard */,
				A9D846361F74DF1D0048C2FF /* Assets.xcassets */,
				A9D846381F74DF1D0048C2FF /* LaunchScreen.storyboard */,
				A9D8463B1F74DF1D0048C2FF /* Info.plist */,
			);
			path = AJProgressView;
			sourceTree = "<group>";
		};
/* End PBXGroup section */

/* Begin PBXNativeTarget section */
		A9D8462B1F74DF1D0048C2FF /* AJProgressView */ = {
			isa = PBXNativeTarget;
			buildConfigurationList = A9D8463E1F74DF1D0048C2FF /* Build configuration list for PBXNativeTarget "AJProgressView" */;
			buildPhases = (
				A9D846281F74DF1D0048C2FF /* Sources */,
				A9D846291F74DF1D0048C2FF /* Frameworks */,
				A9D8462A1F74DF1D0048C2FF /* Resources */,
			);
			buildRules = (
			);
			dependencies = (
			);
			name = AJProgressView;
			productName = AJProgressView;
			productReference = A9D8462C1F74DF1D0048C2FF /* AJProgressView.app */;
			productType = "com.apple.product-type.application";
		};
/* End PBXNativeTarget section */

/* Begin PBXProject section */
		A9D846241F74DF1D0048C2FF /* Project object */ = {
			isa = PBXProject;
			attributes = {
				LastSwiftUpdateCheck = 0900;
				LastUpgradeCheck = 0900;
				ORGANIZATIONNAME = indianic;
				TargetAttributes = {
					A9D8462B1F74DF1D0048C2FF = {
						CreatedOnToolsVersion = 9.0;
						ProvisioningStyle = Manual;
					};
				};
			};
			buildConfigurationList = A9D846271F74DF1D0048C2FF /* Build configuration list for PBXProject "AJProgressView" */;
			compatibilityVersion = "Xcode 8.0";
			developmentRegion = en;
			hasScannedForEncodings = 0;
			knownRegions = (
				en,
				Base,
			);
			mainGroup = A9D846231F74DF1D0048C2FF;
			productRefGroup = A9D8462D1F74DF1D0048C2FF /* Products */;
			projectDirPath = "";
			projectRoot = "";
			targets = (
				A9D8462B1F74DF1D0048C2FF /* AJProgressView */,
			);
		};
/* End PBXProject section */

/* Begin PBXResourcesBuildPhase section */
		A9D8462A1F74DF1D0048C2FF /* Resources */ = {
			isa = PBXResourcesBuildPhase;
			buildActionMask = 2147483647;
			files = (
				A9D8463A1F74DF1D0048C2FF /* LaunchScreen.storyboard in Resources */,
				A9D846371F74DF1D0048C2FF /* Assets.xcassets in Resources */,
				A9D846351F74DF1D0048C2FF /* Main.storyboard in Resources */,
			);
			runOnlyForDeploymentPostprocessing = 0;
		};
/* End PBXResourcesBuildPhase section */

/* Begin PBXSourcesBuildPhase section */
		A9D846281F74DF1D0048C2FF /* Sources */ = {
			isa = PBXSourcesBuildPhase;
			buildActionMask = 2147483647;
			files = (
				A9D846321F74DF1D0048C2FF /* ViewController.swift in Sources */,
				A9D846301F74DF1D0048C2FF /* AppDelegate.swift in Sources */,
				A9D846421F74DF340048C2FF /* AJProgressView.swift in Sources */,
			);
			runOnlyForDeploymentPostprocessing = 0;
		};
/* End PBXSourcesBuildPhase section */

/* Begin PBXVariantGroup section */
		A9D846331F74DF1D0048C2FF /* Main.storyboard */ = {
			isa = PBXVariantGroup;
			children = (
				A9D846341F74DF1D0048C2FF /* Base */,
			);
			name = Main.storyboard;
			sourceTree = "<group>";
		};
		A9D846381F74DF1D0048C2FF /* LaunchScreen.storyboard */ = {
			isa = PBXVariantGroup;
			children = (
				A9D846391F74DF1D0048C2FF /* Base */,
			);
			name = LaunchScreen.storyboard;
			sourceTree = "<group>";
		};
/* End PBXVariantGroup section */

/* Begin XCBuildConfiguration section */
		A9D8463C1F74DF1D0048C2FF /* Debug */ = {
			isa = XCBuildConfiguration;
			buildSettings = {
				ALWAYS_SEARCH_USER_PATHS = NO;
				CLANG_ANALYZER_NONNULL = YES;
				CLANG_ANALYZER_NUMBER_OBJECT_CONVERSION = YES_AGGRESSIVE;
				CLANG_CXX_LANGUAGE_STANDARD = "gnu++14";
				CLANG_CXX_LIBRARY = "libc++";
				CLANG_ENABLE_MODULES = YES;
				CLANG_ENABLE_OBJC_ARC = YES;
				CLANG_WARN_BLOCK_CAPTURE_AUTORELEASING = YES;
				CLANG_WARN_BOOL_CONVERSION = YES;
				CLANG_WARN_COMMA = YES;
				CLANG_WARN_CONSTANT_CONVERSION = YES;
				CLANG_WARN_DIRECT_OBJC_ISA_USAGE = YES_ERROR;
				CLANG_WARN_DOCUMENTATION_COMMENTS = YES;
				CLANG_WARN_EMPTY_BODY = YES;
				CLANG_WARN_ENUM_CONVERSION = YES;
				CLANG_WARN_INFINITE_RECURSION = YES;
				CLANG_WARN_INT_CONVERSION = YES;
				CLANG_WARN_NON_LITERAL_NULL_CONVERSION = YES;
				CLANG_WARN_OBJC_LITERAL_CONVERSION = YES;
				CLANG_WARN_OBJC_ROOT_CLASS = YES_ERROR;
				CLANG_WARN_RANGE_LOOP_ANALYSIS = YES;
				CLANG_WARN_STRICT_PROTOTYPES = YES;
				CLANG_WARN_SUSPICIOUS_MOVE = YES;
				CLANG_WARN_UNGUARDED_AVAILABILITY = YES_AGGRESSIVE;
				CLANG_WARN_UNREACHABLE_CODE = YES;
				CLANG_WARN__DUPLICATE_METHOD_MATCH = YES;
				CODE_SIGN_IDENTITY = "iPhone Developer";
				COPY_PHASE_STRIP = NO;
				DEBUG_INFORMATION_FORMAT = dwarf;
				ENABLE_STRICT_OBJC_MSGSEND = YES;
				ENABLE_TESTABILITY = YES;
				GCC_C_LANGUAGE_STANDARD = gnu11;
				GCC_DYNAMIC_NO_PIC = NO;
				GCC_NO_COMMON_BLOCKS = YES;
				GCC_OPTIMIZATION_LEVEL = 0;
				GCC_PREPROCESSOR_DEFINITIONS = (
					"DEBUG=1",
					"$(inherited)",
				);
				GCC_WARN_64_TO_32_BIT_CONVERSION = YES;
				GCC_WARN_ABOUT_RETURN_TYPE = YES_ERROR;
				GCC_WARN_UNDECLARED_SELECTOR = YES;
				GCC_WARN_UNINITIALIZED_AUTOS = YES_AGGRESSIVE;
				GCC_WARN_UNUSED_FUNCTION = YES;
				GCC_WARN_UNUSED_VARIABLE = YES;
				IPHONEOS_DEPLOYMENT_TARGET = 11.0;
				MTL_ENABLE_DEBUG_INFO = YES;
				ONLY_ACTIVE_ARCH = YES;
				SDKROOT = iphoneos;
				SWIFT_ACTIVE_COMPILATION_CONDITIONS = DEBUG;
				SWIFT_OPTIMIZATION_LEVEL = "-Onone";
			};
			name = Debug;
		};
		A9D8463D1F74DF1D0048C2FF /* Release */ = {
			isa = XCBuildConfiguration;
			buildSettings = {
				ALWAYS_SEARCH_USER_PATHS = NO;
				CLANG_ANALYZER_NONNULL = YES;
				CLANG_ANALYZER_NUMBER_OBJECT_CONVERSION = YES_AGGRESSIVE;
				CLANG_CXX_LANGUAGE_STANDARD = "gnu++14";
				CLANG_CXX_LIBRARY = "libc++";
				CLANG_ENABLE_MODULES = YES;
				CLANG_ENABLE_OBJC_ARC = YES;
				CLANG_WARN_BLOCK_CAPTURE_AUTORELEASING = YES;
				CLANG_WARN_BOOL_CONVERSION = YES;
				CLANG_WARN_COMMA = YES;
				CLANG_WARN_CONSTANT_CONVERSION = YES;
				CLANG_WARN_DIRECT_OBJC_ISA_USAGE = YES_ERROR;
				CLANG_WARN_DOCUMENTATION_COMMENTS = YES;
				CLANG_WARN_EMPTY_BODY = YES;
				CLANG_WARN_ENUM_CONVERSION = YES;
				CLANG_WARN_INFINITE_RECURSION = YES;
				CLANG_WARN_INT_CONVERSION = YES;
				CLANG_WARN_NON_LITERAL_NULL_CONVERSION = YES;
				CLANG_WARN_OBJC_LITERAL_CONVERSION = YES;
				CLANG_WARN_OBJC_ROOT_CLASS = YES_ERROR;
				CLANG_WARN_RANGE_LOOP_ANALYSIS = YES;
				CLANG_WARN_STRICT_PROTOTYPES = YES;
				CLANG_WARN_SUSPICIOUS_MOVE = YES;
				CLANG_WARN_UNGUARDED_AVAILABILITY = YES_AGGRESSIVE;
				CLANG_WARN_UNREACHABLE_CODE = YES;
				CLANG_WARN__DUPLICATE_METHOD_MATCH = YES;
				CODE_SIGN_IDENTITY = "iPhone Developer";
				COPY_PHASE_STRIP = NO;
				DEBUG_INFORMATION_FORMAT = "dwarf-with-dsym";
				ENABLE_NS_ASSERTIONS = NO;
				ENABLE_STRICT_OBJC_MSGSEND = YES;
				GCC_C_LANGUAGE_STANDARD = gnu11;
				GCC_NO_COMMON_BLOCKS = YES;
				GCC_WARN_64_TO_32_BIT_CONVERSION = YES;
				GCC_WARN_ABOUT_RETURN_TYPE = YES_ERROR;
				GCC_WARN_UNDECLARED_SELECTOR = YES;
				GCC_WARN_UNINITIALIZED_AUTOS = YES_AGGRESSIVE;
				GCC_WARN_UNUSED_FUNCTION = YES;
				GCC_WARN_UNUSED_VARIABLE = YES;
				IPHONEOS_DEPLOYMENT_TARGET = 11.0;
				MTL_ENABLE_DEBUG_INFO = NO;
				SDKROOT = iphoneos;
				SWIFT_OPTIMIZATION_LEVEL = "-Owholemodule";
				VALIDATE_PRODUCT = YES;
			};
			name = Release;
		};
		A9D8463F1F74DF1D0048C2FF /* Debug */ = {
			isa = XCBuildConfiguration;
			buildSettings = {
				ASSETCATALOG_COMPILER_APPICON_NAME = AppIcon;
				"CODE_SIGN_IDENTITY[sdk=iphoneos*]" = "iPhone Developer";
				CODE_SIGN_STYLE = Manual;
				DEVELOPMENT_TEAM = "";
				INFOPLIST_FILE = AJProgressView/Info.plist;
				IPHONEOS_DEPLOYMENT_TARGET = 10.0;
				LD_RUNPATH_SEARCH_PATHS = "$(inherited) @executable_path/Frameworks";
				PRODUCT_BUNDLE_IDENTIFIER = com.AJProgressView;
				PRODUCT_NAME = "$(TARGET_NAME)";
				PROVISIONING_PROFILE = "";
				PROVISIONING_PROFILE_SPECIFIER = "";
				SWIFT_VERSION = 4.0;
				TARGETED_DEVICE_FAMILY = "1,2";
			};
			name = Debug;
		};
		A9D846401F74DF1D0048C2FF /* Release */ = {
			isa = XCBuildConfiguration;
			buildSettings = {
				ASSETCATALOG_COMPILER_APPICON_NAME = AppIcon;
				"CODE_SIGN_IDENTITY[sdk=iphoneos*]" = "iPhone Developer";
				CODE_SIGN_STYLE = Manual;
				DEVELOPMENT_TEAM = "";
				INFOPLIST_FILE = AJProgressView/Info.plist;
				IPHONEOS_DEPLOYMENT_TARGET = 10.0;
				LD_RUNPATH_SEARCH_PATHS = "$(inherited) @executable_path/Frameworks";
				PRODUCT_BUNDLE_IDENTIFIER = com.AJProgressView;
				PRODUCT_NAME = "$(TARGET_NAME)";
				PROVISIONING_PROFILE = "";
				PROVISIONING_PROFILE_SPECIFIER = "";
				SWIFT_VERSION = 4.0;
				TARGETED_DEVICE_FAMILY = "1,2";
			};
			name = Release;
		};
/* End XCBuildConfiguration section */

/* Begin XCConfigurationList section */
		A9D846271F74DF1D0048C2FF /* Build configuration list for PBXProject "AJProgressView" */ = {
			isa = XCConfigurationList;
			buildConfigurations = (
				A9D8463C1F74DF1D0048C2FF /* Debug */,
				A9D8463D1F74DF1D0048C2FF /* Release */,
			);
			defaultConfigurationIsVisible = 0;
			defaultConfigurationName = Release;
		};
		A9D8463E1F74DF1D0048C2FF /* Build configuration list for PBXNativeTarget "AJProgressView" */ = {
			isa = XCConfigurationList;
			buildConfigurations = (
				A9D8463F1F74DF1D0048C2FF /* Debug */,
				A9D846401F74DF1D0048C2FF /* Release */,
			);
			defaultConfigurationIsVisible = 0;
			defaultConfigurationName = Release;
		};
/* End XCConfigurationList section */
	};
	rootObject = A9D846241F74DF1D0048C2FF /* Project object */;
}
